// !$*UTF8*$!
{
	archiveVersion = 1;
	classes = {
	};
	objectVersion = 77;
	objects = {

/* Begin PBXBuildFile section */
		01358250A1E5D80C26B12CC0 /* ProfileScreen.swift in Sources */ = {isa = PBXBuildFile; fileRef = 83C6328BF92F7D89FF23FD4C /* ProfileScreen.swift */; };
		0398B4B74A63FD722AFC38EC /* FlatmatesCoordinator.swift in Sources */ = {isa = PBXBuildFile; fileRef = 96C07E745C96FA5BA4678158 /* FlatmatesCoordinator.swift */; };
		071B34DDF7C2C88F961F4309 /* ProgressDots.swift in Sources */ = {isa = PBXBuildFile; fileRef = FF75E602BA059C01F1E3E694 /* ProgressDots.swift */; };
		0B19E91036AD218ABE80C4EC /* MatchMeterCard.swift in Sources */ = {isa = PBXBuildFile; fileRef = 765F8CE05233B84606ACB38D /* MatchMeterCard.swift */; };
		0CC4C1C2D69A3F91B860B786 /* Area.swift in Sources */ = {isa = PBXBuildFile; fileRef = 7A8E11ABF5824B85ED5F6E73 /* Area.swift */; };
		0F284B38E41AB47E18518D98 /* FlatmatesSwipeView.swift in Sources */ = {isa = PBXBuildFile; fileRef = E6140F6D2E8DDB223F1510AD /* FlatmatesSwipeView.swift */; };
		10813ED59075A810554D8BC3 /* FlatTopNav.swift in Sources */ = {isa = PBXBuildFile; fileRef = 518A35CFDC9F094290319629 /* FlatTopNav.swift */; };
		1099725D3B0A9DCBCFC53342 /* RangeSlider.swift in Sources */ = {isa = PBXBuildFile; fileRef = B40BF0CB6FAF75AA2BED1578 /* RangeSlider.swift */; };
		13B3006EDAD1A3C1258CC866 /* DSColors.swift in Sources */ = {isa = PBXBuildFile; fileRef = 06AED8270034A7DDA5D8BB4A /* DSColors.swift */; };
		1449B053C147C02C475F22A6 /* FlatmateAvatar.swift in Sources */ = {isa = PBXBuildFile; fileRef = 19938E0CB5E50C9C07E7EA6B /* FlatmateAvatar.swift */; };
		182C230834299FF40ECFB8AE /* EmptySlotRow.swift in Sources */ = {isa = PBXBuildFile; fileRef = A31050EF48BDA99F6628F1BD /* EmptySlotRow.swift */; };
		186112D65C05CC2E0C84DD05 /* FlatType.swift in Sources */ = {isa = PBXBuildFile; fileRef = C03101C86E97F8A6EE44E1A4 /* FlatType.swift */; };
		18A563B36599903950C87B32 /* Flat.swift in Sources */ = {isa = PBXBuildFile; fileRef = 4CDA05529E250E819E457EE7 /* Flat.swift */; };
		19C66625153DE853D1C9B593 /* SlotProgressDots.swift in Sources */ = {isa = PBXBuildFile; fileRef = 3D783CFA8DA097B7F8FAEC55 /* SlotProgressDots.swift */; };
		1A65DF9C941A591E69C4600A /* ChatsTabPlaceholder.swift in Sources */ = {isa = PBXBuildFile; fileRef = 0DF6B6A5E5789A922E34F9F5 /* ChatsTabPlaceholder.swift */; };
		1BEFAEE49B141CA03E99FF5C /* UserProfile.swift in Sources */ = {isa = PBXBuildFile; fileRef = 73BA7D4FEE6B4DF4B1D880E2 /* UserProfile.swift */; };
		1C811C2347B8536E59AF4318 /* OnboardingData.swift in Sources */ = {isa = PBXBuildFile; fileRef = 8BC2D487DC8F9560646741C0 /* OnboardingData.swift */; };
		1D0542905211F65D80DBA0AD /* FlatHeroGallery.swift in Sources */ = {isa = PBXBuildFile; fileRef = E9426AC169255E6C00CE60BE /* FlatHeroGallery.swift */; };
		1F853D1EB4E01C6EBFAE8CDD /* RootView.swift in Sources */ = {isa = PBXBuildFile; fileRef = B4BB260E86A73E7FEA4865A7 /* RootView.swift */; };
		207088C3316762263BDC117D /* FlatmatesRoute.swift in Sources */ = {isa = PBXBuildFile; fileRef = 4CBA8B9A074E44B34B365EA3 /* FlatmatesRoute.swift */; };
		2123F247CA060CCF4323197D /* FlatmateRequest.swift in Sources */ = {isa = PBXBuildFile; fileRef = D094F4482D971935B991053D /* FlatmateRequest.swift */; };
		2137AFD30302FA73BBB96876 /* SplashView.swift in Sources */ = {isa = PBXBuildFile; fileRef = 22E14E36B976EE20DD7DFFCD /* SplashView.swift */; };
		252D6151EE5F0A2FD7BDCF17 /* SectionLabel.swift in Sources */ = {isa = PBXBuildFile; fileRef = 58865B54C3850E5B2D724552 /* SectionLabel.swift */; };
		2A78EC1EAE8729D72C1AF1E2 /* ChatThread.swift in Sources */ = {isa = PBXBuildFile; fileRef = 6619BA9819F6F6AFBF202236 /* ChatThread.swift */; };
		2B04E81CE3B1A09FA45BA448 /* OnboardingSnapshot.swift in Sources */ = {isa = PBXBuildFile; fileRef = D0C95FF522DCBFFCCC006A64 /* OnboardingSnapshot.swift */; };
		2F53EEFB8983C66F73E9F3D5 /* ConfettiView.swift in Sources */ = {isa = PBXBuildFile; fileRef = 76C91A63EED705E2549E9EF9 /* ConfettiView.swift */; };
		2F5D51714BA95E0BF27CD539 /* HomeView.swift in Sources */ = {isa = PBXBuildFile; fileRef = B6CD220B144156CF25611C37 /* HomeView.swift */; };
		35DAA8FBFECAF20B359F26D2 /* AmberBanner.swift in Sources */ = {isa = PBXBuildFile; fileRef = 111D4110A8CDB4910F017E48 /* AmberBanner.swift */; };
		360D6D4F468F409568E16919 /* FlatmateProfileSheet.swift in Sources */ = {isa = PBXBuildFile; fileRef = 4EA180C959FA7D4E480B142D /* FlatmateProfileSheet.swift */; };
		39B855827CC9C1C5F5D920EE /* PostSpaceCoordinator.swift in Sources */ = {isa = PBXBuildFile; fileRef = 0A5B959F8F679AB309DABD73 /* PostSpaceCoordinator.swift */; };
		3B97C4DC013920B4F9EDE4D6 /* PostStepHeader.swift in Sources */ = {isa = PBXBuildFile; fileRef = 6FC0432DB786DB07BF790DAA /* PostStepHeader.swift */; };
		3BE6CB20984E56D20E732991 /* MoveInTimeline.swift in Sources */ = {isa = PBXBuildFile; fileRef = 506305162BC4F1F25EB99F19 /* MoveInTimeline.swift */; };
		3F6CB46B812C66EA75E2C440 /* TipBanner.swift in Sources */ = {isa = PBXBuildFile; fileRef = EB00BD8B65704A6A5D53B384 /* TipBanner.swift */; };
		4190899B46510459C2457961 /* BHK.swift in Sources */ = {isa = PBXBuildFile; fileRef = 071655D7CA35F0A4095CDC39 /* BHK.swift */; };
		445C194423A39200A863CB7D /* FlatDetailsScreen.swift in Sources */ = {isa = PBXBuildFile; fileRef = 12F067C41A0A26820505C39C /* FlatDetailsScreen.swift */; };
		4909C87E2A980B8219C46DC8 /* FlatDetailView.swift in Sources */ = {isa = PBXBuildFile; fileRef = 507E2FDC53B235337C4E4356 /* FlatDetailView.swift */; };
		495B7FD7524D5507268426B4 /* FlatmateChatScreen.swift in Sources */ = {isa = PBXBuildFile; fileRef = 325A7A29F9F1771A537652DE /* FlatmateChatScreen.swift */; };
		4EA4782564406DDA23615306 /* FlatsTabView.swift in Sources */ = {isa = PBXBuildFile; fileRef = F251A4EF24C60DE65DF7BB4B /* FlatsTabView.swift */; };
		50F471997DD954DF1D76109B /* VibeCardScreen.swift in Sources */ = {isa = PBXBuildFile; fileRef = 1AB690364CE90CC31C9CAD8F /* VibeCardScreen.swift */; };
		5375448B4EFB3D8B688A352A /* ChatComposer.swift in Sources */ = {isa = PBXBuildFile; fileRef = 6E8C0BF58B96569B780BA960 /* ChatComposer.swift */; };
		57C7440D2FACCA4800FE7BDB /* UserStore.swift in Sources */ = {isa = PBXBuildFile; fileRef = 57C7440C2FACCA4800FE7BDB /* UserStore.swift */; };
		591374C8064ECA60C70DBF14 /* FlatPrefsScreen.swift in Sources */ = {isa = PBXBuildFile; fileRef = F1770DCC32A30A1CF7E5DA5D /* FlatPrefsScreen.swift */; };
		5C0E4B6F9661FFED079A2382 /* GroupChatScreen.swift in Sources */ = {isa = PBXBuildFile; fileRef = 5D4E2B73962A68683CCFE633 /* GroupChatScreen.swift */; };
		5DD37F91271B97568966E9F8 /* FlatmateVibeCard.swift in Sources */ = {isa = PBXBuildFile; fileRef = FBCA0E6D93EDE032A706B2B9 /* FlatmateVibeCard.swift */; };
		5EC9F1927EBA94D4F3F518F6 /* OnboardingAPI.swift in Sources */ = {isa = PBXBuildFile; fileRef = 79CB7247C8FF9729F17D8D9C /* OnboardingAPI.swift */; };
		5F1422B005A39ED80922A5B9 /* TabPlaceholder.swift in Sources */ = {isa = PBXBuildFile; fileRef = 817EF4ADE3D5BB802E6C8D2B /* TabPlaceholder.swift */; };
		5F8DFB1FF9069D22D176B67F /* SegmentedTabBar.swift in Sources */ = {isa = PBXBuildFile; fileRef = BFB3B17CF93AC19D57DF10DB /* SegmentedTabBar.swift */; };
		5F97BA4ED32D1505BBB15962 /* TabBar.swift in Sources */ = {isa = PBXBuildFile; fileRef = BF139DC4B71C0905F46E75C8 /* TabBar.swift */; };
		61F58A78637C04E68626585C /* SelectablePill.swift in Sources */ = {isa = PBXBuildFile; fileRef = C3977237EA7C3EE79850CFFC /* SelectablePill.swift */; };
		63AAECCF0069CE508E248DC1 /* MockFlats.swift in Sources */ = {isa = PBXBuildFile; fileRef = 45CCD5F73EAA2AC9285D492C /* MockFlats.swift */; };
		6734F81862C435EECA6B0527 /* Furnishing.swift in Sources */ = {isa = PBXBuildFile; fileRef = EF9A4CE1216AF83ACDA58C68 /* Furnishing.swift */; };
		749A5F7C2DA2333BCEB46261 /* MockFlatmates.swift in Sources */ = {isa = PBXBuildFile; fileRef = CC72C1C5812D5EC95D6A7822 /* MockFlatmates.swift */; };
		76F3EDC46806AAC9D38FD80C /* ApplicationMode.swift in Sources */ = {isa = PBXBuildFile; fileRef = 3F4B09A9EBB1426D6A787CA9 /* ApplicationMode.swift */; };
		7766310B49CD2F51DE7B35FF /* PhotoTile.swift in Sources */ = {isa = PBXBuildFile; fileRef = 5C0FBE28D12663EB6F1E7A24 /* PhotoTile.swift */; };
		7828ECE62FACBCCE003BF61D /* FlatmatesTabView.swift in Sources */ = {isa = PBXBuildFile; fileRef = 7828ECE52FACBCCE003BF61D /* FlatmatesTabView.swift */; };
		7828ECE92FACBCF6003BF61D /* FlatmateEntry.swift in Sources */ = {isa = PBXBuildFile; fileRef = 7828ECE72FACBCF6003BF61D /* FlatmateEntry.swift */; };
		7828ECEA2FACBCF6003BF61D /* Team.swift in Sources */ = {isa = PBXBuildFile; fileRef = 7828ECE82FACBCF6003BF61D /* Team.swift */; };
		7828ECEC2FACBD05003BF61D /* FlatmatesAPI.swift in Sources */ = {isa = PBXBuildFile; fileRef = 7828ECEB2FACBD05003BF61D /* FlatmatesAPI.swift */; };
		7828ECEE2FACC157003BF61D /* Flatmate+UserProfile.swift in Sources */ = {isa = PBXBuildFile; fileRef = 7828ECED2FACC157003BF61D /* Flatmate+UserProfile.swift */; };
		7A874346FB92EF0340A8B274 /* PostSpaceTypes.swift in Sources */ = {isa = PBXBuildFile; fileRef = 2B243E8EAC7DF18A5DFEF958 /* PostSpaceTypes.swift */; };
		7BB5DABCE6EBF60FEC0814B5 /* ProfileTabView.swift in Sources */ = {isa = PBXBuildFile; fileRef = 9AD19E6E573C88C1B586578B /* ProfileTabView.swift */; };
		7D5FEFB4257FAA8EB7AB57D2 /* StepPill.swift in Sources */ = {isa = PBXBuildFile; fileRef = F2DF11B07CE601F0F18A6AF3 /* StepPill.swift */; };
		81B8E451EA24876BB155CF3F /* OnboardingRoute.swift in Sources */ = {isa = PBXBuildFile; fileRef = 68689740E2E70A302A20EB66 /* OnboardingRoute.swift */; };
		85CC208A0959A838D7DF22CB /* PhotoPlaceholder.swift in Sources */ = {isa = PBXBuildFile; fileRef = 17EA42773008AE9FF21E54E4 /* PhotoPlaceholder.swift */; };
		8677BE0AB7475C372F7A424C /* DSTypography.swift in Sources */ = {isa = PBXBuildFile; fileRef = 310958C443739BF7E8EE3655 /* DSTypography.swift */; };
		87FF98D17B05702BB0F8F436 /* FlatListRow.swift in Sources */ = {isa = PBXBuildFile; fileRef = 44DD7D3F3B339B7F166374EB /* FlatListRow.swift */; };
		894FE03ABB9E0023F7756320 /* ChatMessage.swift in Sources */ = {isa = PBXBuildFile; fileRef = B75B1E1B5B96302AD398585F /* ChatMessage.swift */; };
		89BE8F4A0288A65B8E6A5E6F /* IntentCard.swift in Sources */ = {isa = PBXBuildFile; fileRef = C256A97A75B4B6857356811D /* IntentCard.swift */; };
		98E059FE124680249EE8F115 /* VibePref.swift in Sources */ = {isa = PBXBuildFile; fileRef = 10AF39FFE7C7C65CE7C0B740 /* VibePref.swift */; };
		99A650302B3DD19D57593D08 /* Amenity.swift in Sources */ = {isa = PBXBuildFile; fileRef = 3C318BE66D52429D27464B7A /* Amenity.swift */; };
		9E9BA4B8F0363ECAF23B3BE1 /* FlatmateListRow.swift in Sources */ = {isa = PBXBuildFile; fileRef = 928EC659892FD8152CDD5D3E /* FlatmateListRow.swift */; };
		A1CAE112553B2AF6DE168D4F /* PhotosScreen.swift in Sources */ = {isa = PBXBuildFile; fileRef = 4610B677D35BB59F7D97A9F3 /* PhotosScreen.swift */; };
		A2FDCBD3365344B5502273AB /* IntentScreen.swift in Sources */ = {isa = PBXBuildFile; fileRef = 2D2C2A65FBDCF4FC78DDF976 /* IntentScreen.swift */; };
		A507125254E1F247F8800F3A /* OTPScreen.swift in Sources */ = {isa = PBXBuildFile; fileRef = 9ABD7934EA461C62DCF7F7F9 /* OTPScreen.swift */; };
		A5DB6687A1C8A078E6001DE3 /* Avatar.swift in Sources */ = {isa = PBXBuildFile; fileRef = 5A4163EB3575E5A686B444FB /* Avatar.swift */; };
		AA18D2A07B51071C520A7BE2 /* PhoneScreen.swift in Sources */ = {isa = PBXBuildFile; fileRef = A12D8A2593707E7D7BFF160C /* PhoneScreen.swift */; };
		AB271E9B0EDC670A0E4AB35D /* Assets.xcassets in Resources */ = {isa = PBXBuildFile; fileRef = 0E6FDBB2E3664852D7233588 /* Assets.xcassets */; };
		AD59EF9D96790FBC8CF682F7 /* Outfit-Variable.ttf in Resources */ = {isa = PBXBuildFile; fileRef = 0CADB7EBD2D0E95F499354FA /* Outfit-Variable.ttf */; };
		B17EA03FDF8A2C08F32A2439 /* RequestProfileScreen.swift in Sources */ = {isa = PBXBuildFile; fileRef = 446E1C01F7E0BD373ACC28C8 /* RequestProfileScreen.swift */; };
		B4E2EB51A26662AA9A131C7A /* SuccessScreen.swift in Sources */ = {isa = PBXBuildFile; fileRef = 354C23FB8682AFBD22EB3918 /* SuccessScreen.swift */; };
		B5EFF7F384662F7A252388B7 /* AddFlatmateSheet.swift in Sources */ = {isa = PBXBuildFile; fileRef = 0F9023AF13C81ECFB43EEE8D /* AddFlatmateSheet.swift */; };
		B850CD361FA61EF4B0ED9327 /* VibeScreen.swift in Sources */ = {isa = PBXBuildFile; fileRef = B5B9FEF71D451C6839FCD706 /* VibeScreen.swift */; };
		BE5D81E2A961B48964F4614E /* ListingsAPI.swift in Sources */ = {isa = PBXBuildFile; fileRef = C786CA00F698B86AA41C8E96 /* ListingsAPI.swift */; };
		C1AB8B54D3559F797E89FC74 /* BottomSheet.swift in Sources */ = {isa = PBXBuildFile; fileRef = 2F87A752C48BDE904D4C42EE /* BottomSheet.swift */; };
		C271234637D9D2F7B1DFC5E4 /* Flatmate.swift in Sources */ = {isa = PBXBuildFile; fileRef = 3B49669A67FC67884D4F677E /* Flatmate.swift */; };
		C4F5A0825064191619ACCCC9 /* OnboardingCoordinator.swift in Sources */ = {isa = PBXBuildFile; fileRef = 2BD9FDD2714F6285154C8D41 /* OnboardingCoordinator.swift */; };
		C52412CC72069C6817B0DB36 /* Occupation.swift in Sources */ = {isa = PBXBuildFile; fileRef = ED339B274C7B8B497917CEDC /* Occupation.swift */; };
		C88DC398BA84376A73D61DED /* PostStepper.swift in Sources */ = {isa = PBXBuildFile; fileRef = AE4A2E705F24D12E2CA8B5BE /* PostStepper.swift */; };
		C90B6939AAC7E4BF261717DF /* DSGradients.swift in Sources */ = {isa = PBXBuildFile; fileRef = 06AAD6F18339ED9AA315901F /* DSGradients.swift */; };
		CD6B64DF7F20D326DA973753 /* RoomType.swift in Sources */ = {isa = PBXBuildFile; fileRef = 36FC7149558AC0DE2451B5A6 /* RoomType.swift */; };
		D0A4E3C92DC35BAACC526592 /* OverlappingAvatars.swift in Sources */ = {isa = PBXBuildFile; fileRef = 662F21BB1F620CF8A00821F6 /* OverlappingAvatars.swift */; };
		D4703948E63CDB1FBB027780 /* StaykinTextField.swift in Sources */ = {isa = PBXBuildFile; fileRef = 7FDA798E28589FD8A7854663 /* StaykinTextField.swift */; };
		D653B3F3EBE4A31AEB59F703 /* StickyBottomCTA.swift in Sources */ = {isa = PBXBuildFile; fileRef = D9A0EC7AF0066699A2FB68F6 /* StickyBottomCTA.swift */; };
		D973EDFE050E3F0A24F13F2C /* VibeFormScreen.swift in Sources */ = {isa = PBXBuildFile; fileRef = 78787EF8FA148BC368018340 /* VibeFormScreen.swift */; };
		E1586E240FF3523C39B3D199 /* StaykinApp.swift in Sources */ = {isa = PBXBuildFile; fileRef = 5064A80BB4EFBA2EC26ADFFA /* StaykinApp.swift */; };
		E180112D9159B734724652DE /* SuccessToast.swift in Sources */ = {isa = PBXBuildFile; fileRef = A7CD99813F266CAA886633C9 /* SuccessToast.swift */; };
		E1D76F9241244C7620FF012F /* ChatBubble.swift in Sources */ = {isa = PBXBuildFile; fileRef = 8C44EBC161BED1B1C39BBAAE /* ChatBubble.swift */; };
		E426B941C136866616EC51F4 /* Buttons.swift in Sources */ = {isa = PBXBuildFile; fileRef = 0D922F2CDF9E10B77F04D290 /* Buttons.swift */; };
		E495954763F6E636E0DA5040 /* TrustStrip.swift in Sources */ = {isa = PBXBuildFile; fileRef = 9A47E8DD2724C6DD86C101D2 /* TrustStrip.swift */; };
		E8FAD92CCA1C54C6B724BEFE /* FlowLayout.swift in Sources */ = {isa = PBXBuildFile; fileRef = CB3A51A80E59D112F04CA6F6 /* FlowLayout.swift */; };
		EB5DDD388D2E39F8DA1CA16E /* VibeTile.swift in Sources */ = {isa = PBXBuildFile; fileRef = F2149C1E7A477C7E0C251ED1 /* VibeTile.swift */; };
		F48E432F2B9EF26331EE7FF0 /* UploadsAPI.swift in Sources */ = {isa = PBXBuildFile; fileRef = E25BC10C1A4611C58E57C12B /* UploadsAPI.swift */; };
		F7309A811C6F00724CEEA1EF /* HomeTab.swift in Sources */ = {isa = PBXBuildFile; fileRef = DC392A87C9E61F5F245F04BF /* HomeTab.swift */; };
		F8DAC5ECCE591976ADDDE475 /* DSSpacing.swift in Sources */ = {isa = PBXBuildFile; fileRef = F27FBEEF2262453EFF581C84 /* DSSpacing.swift */; };
		F9E1769AFADA310EE1AA1B63 /* SwipeableFlatmateCard.swift in Sources */ = {isa = PBXBuildFile; fileRef = 88CD5EB8EC9422F654D29D6D /* SwipeableFlatmateCard.swift */; };
		FA76EE8E6744263F0567C8A3 /* SortOption.swift in Sources */ = {isa = PBXBuildFile; fileRef = E71EE70E7057BFF579A783EF /* SortOption.swift */; };
		FCACDE9D2EA94DE98B2CB92A /* RequestsInboxScreen.swift in Sources */ = {isa = PBXBuildFile; fileRef = 746C975D23EB27963C7989BA /* RequestsInboxScreen.swift */; };
		FF7C43F235F1FF273E415EB8 /* PostSpaceRoute.swift in Sources */ = {isa = PBXBuildFile; fileRef = B512BDD80833886F4D42533E /* PostSpaceRoute.swift */; };
/* End PBXBuildFile section */

/* Begin PBXFileReference section */
		06AAD6F18339ED9AA315901F /* DSGradients.swift */ = {isa = PBXFileReference; lastKnownFileType = sourcecode.swift; path = DSGradients.swift; sourceTree = "<group>"; };
		06AED8270034A7DDA5D8BB4A /* DSColors.swift */ = {isa = PBXFileReference; lastKnownFileType = sourcecode.swift; path = DSColors.swift; sourceTree = "<group>"; };
		071655D7CA35F0A4095CDC39 /* BHK.swift */ = {isa = PBXFileReference; lastKnownFileType = sourcecode.swift; path = BHK.swift; sourceTree = "<group>"; };
		0A5B959F8F679AB309DABD73 /* PostSpaceCoordinator.swift */ = {isa = PBXFileReference; lastKnownFileType = sourcecode.swift; path = PostSpaceCoordinator.swift; sourceTree = "<group>"; };
		0CADB7EBD2D0E95F499354FA /* Outfit-Variable.ttf */ = {isa = PBXFileReference; lastKnownFileType = file; path = "Outfit-Variable.ttf"; sourceTree = "<group>"; };
		0D922F2CDF9E10B77F04D290 /* Buttons.swift */ = {isa = PBXFileReference; lastKnownFileType = sourcecode.swift; path = Buttons.swift; sourceTree = "<group>"; };
		0DF6B6A5E5789A922E34F9F5 /* ChatsTabPlaceholder.swift */ = {isa = PBXFileReference; lastKnownFileType = sourcecode.swift; path = ChatsTabPlaceholder.swift; sourceTree = "<group>"; };
		0E6FDBB2E3664852D7233588 /* Assets.xcassets */ = {isa = PBXFileReference; lastKnownFileType = folder.assetcatalog; path = Assets.xcassets; sourceTree = "<group>"; };
		0F9023AF13C81ECFB43EEE8D /* AddFlatmateSheet.swift */ = {isa = PBXFileReference; lastKnownFileType = sourcecode.swift; path = AddFlatmateSheet.swift; sourceTree = "<group>"; };
		10AF39FFE7C7C65CE7C0B740 /* VibePref.swift */ = {isa = PBXFileReference; lastKnownFileType = sourcecode.swift; path = VibePref.swift; sourceTree = "<group>"; };
		111D4110A8CDB4910F017E48 /* AmberBanner.swift */ = {isa = PBXFileReference; lastKnownFileType = sourcecode.swift; path = AmberBanner.swift; sourceTree = "<group>"; };
		12F067C41A0A26820505C39C /* FlatDetailsScreen.swift */ = {isa = PBXFileReference; lastKnownFileType = sourcecode.swift; path = FlatDetailsScreen.swift; sourceTree = "<group>"; };
		17EA42773008AE9FF21E54E4 /* PhotoPlaceholder.swift */ = {isa = PBXFileReference; lastKnownFileType = sourcecode.swift; path = PhotoPlaceholder.swift; sourceTree = "<group>"; };
		19938E0CB5E50C9C07E7EA6B /* FlatmateAvatar.swift */ = {isa = PBXFileReference; lastKnownFileType = sourcecode.swift; path = FlatmateAvatar.swift; sourceTree = "<group>"; };
		1AB690364CE90CC31C9CAD8F /* VibeCardScreen.swift */ = {isa = PBXFileReference; lastKnownFileType = sourcecode.swift; path = VibeCardScreen.swift; sourceTree = "<group>"; };
		22E14E36B976EE20DD7DFFCD /* SplashView.swift */ = {isa = PBXFileReference; lastKnownFileType = sourcecode.swift; path = SplashView.swift; sourceTree = "<group>"; };
		2B243E8EAC7DF18A5DFEF958 /* PostSpaceTypes.swift */ = {isa = PBXFileReference; lastKnownFileType = sourcecode.swift; path = PostSpaceTypes.swift; sourceTree = "<group>"; };
		2BD9FDD2714F6285154C8D41 /* OnboardingCoordinator.swift */ = {isa = PBXFileReference; lastKnownFileType = sourcecode.swift; path = OnboardingCoordinator.swift; sourceTree = "<group>"; };
		2D2C2A65FBDCF4FC78DDF976 /* IntentScreen.swift */ = {isa = PBXFileReference; lastKnownFileType = sourcecode.swift; path = IntentScreen.swift; sourceTree = "<group>"; };
		2F87A752C48BDE904D4C42EE /* BottomSheet.swift */ = {isa = PBXFileReference; lastKnownFileType = sourcecode.swift; path = BottomSheet.swift; sourceTree = "<group>"; };
		310958C443739BF7E8EE3655 /* DSTypography.swift */ = {isa = PBXFileReference; lastKnownFileType = sourcecode.swift; path = DSTypography.swift; sourceTree = "<group>"; };
		325A7A29F9F1771A537652DE /* FlatmateChatScreen.swift */ = {isa = PBXFileReference; lastKnownFileType = sourcecode.swift; path = FlatmateChatScreen.swift; sourceTree = "<group>"; };
		354C23FB8682AFBD22EB3918 /* SuccessScreen.swift */ = {isa = PBXFileReference; lastKnownFileType = sourcecode.swift; path = SuccessScreen.swift; sourceTree = "<group>"; };
		36FC7149558AC0DE2451B5A6 /* RoomType.swift */ = {isa = PBXFileReference; lastKnownFileType = sourcecode.swift; path = RoomType.swift; sourceTree = "<group>"; };
		3B49669A67FC67884D4F677E /* Flatmate.swift */ = {isa = PBXFileReference; lastKnownFileType = sourcecode.swift; path = Flatmate.swift; sourceTree = "<group>"; };
		3C318BE66D52429D27464B7A /* Amenity.swift */ = {isa = PBXFileReference; lastKnownFileType = sourcecode.swift; path = Amenity.swift; sourceTree = "<group>"; };
		3D783CFA8DA097B7F8FAEC55 /* SlotProgressDots.swift */ = {isa = PBXFileReference; lastKnownFileType = sourcecode.swift; path = SlotProgressDots.swift; sourceTree = "<group>"; };
		3F4B09A9EBB1426D6A787CA9 /* ApplicationMode.swift */ = {isa = PBXFileReference; lastKnownFileType = sourcecode.swift; path = ApplicationMode.swift; sourceTree = "<group>"; };
		408E03C5F1AEBAA73B69F765 /* Staykin.app */ = {isa = PBXFileReference; explicitFileType = wrapper.application; includeInIndex = 0; path = Staykin.app; sourceTree = BUILT_PRODUCTS_DIR; };
		446E1C01F7E0BD373ACC28C8 /* RequestProfileScreen.swift */ = {isa = PBXFileReference; lastKnownFileType = sourcecode.swift; path = RequestProfileScreen.swift; sourceTree = "<group>"; };
		44DD7D3F3B339B7F166374EB /* FlatListRow.swift */ = {isa = PBXFileReference; lastKnownFileType = sourcecode.swift; path = FlatListRow.swift; sourceTree = "<group>"; };
		45CCD5F73EAA2AC9285D492C /* MockFlats.swift */ = {isa = PBXFileReference; lastKnownFileType = sourcecode.swift; path = MockFlats.swift; sourceTree = "<group>"; };
		4610B677D35BB59F7D97A9F3 /* PhotosScreen.swift */ = {isa = PBXFileReference; lastKnownFileType = sourcecode.swift; path = PhotosScreen.swift; sourceTree = "<group>"; };
		4CBA8B9A074E44B34B365EA3 /* FlatmatesRoute.swift */ = {isa = PBXFileReference; lastKnownFileType = sourcecode.swift; path = FlatmatesRoute.swift; sourceTree = "<group>"; };
		4CDA05529E250E819E457EE7 /* Flat.swift */ = {isa = PBXFileReference; lastKnownFileType = sourcecode.swift; path = Flat.swift; sourceTree = "<group>"; };
		4EA180C959FA7D4E480B142D /* FlatmateProfileSheet.swift */ = {isa = PBXFileReference; lastKnownFileType = sourcecode.swift; path = FlatmateProfileSheet.swift; sourceTree = "<group>"; };
		506305162BC4F1F25EB99F19 /* MoveInTimeline.swift */ = {isa = PBXFileReference; lastKnownFileType = sourcecode.swift; path = MoveInTimeline.swift; sourceTree = "<group>"; };
		5064A80BB4EFBA2EC26ADFFA /* StaykinApp.swift */ = {isa = PBXFileReference; lastKnownFileType = sourcecode.swift; path = StaykinApp.swift; sourceTree = "<group>"; };
		507E2FDC53B235337C4E4356 /* FlatDetailView.swift */ = {isa = PBXFileReference; lastKnownFileType = sourcecode.swift; path = FlatDetailView.swift; sourceTree = "<group>"; };
		518A35CFDC9F094290319629 /* FlatTopNav.swift */ = {isa = PBXFileReference; lastKnownFileType = sourcecode.swift; path = FlatTopNav.swift; sourceTree = "<group>"; };
		57C7440C2FACCA4800FE7BDB /* UserStore.swift */ = {isa = PBXFileReference; lastKnownFileType = sourcecode.swift; path = UserStore.swift; sourceTree = "<group>"; };
		58865B54C3850E5B2D724552 /* SectionLabel.swift */ = {isa = PBXFileReference; lastKnownFileType = sourcecode.swift; path = SectionLabel.swift; sourceTree = "<group>"; };
		5A4163EB3575E5A686B444FB /* Avatar.swift */ = {isa = PBXFileReference; lastKnownFileType = sourcecode.swift; path = Avatar.swift; sourceTree = "<group>"; };
		5C0FBE28D12663EB6F1E7A24 /* PhotoTile.swift */ = {isa = PBXFileReference; lastKnownFileType = sourcecode.swift; path = PhotoTile.swift; sourceTree = "<group>"; };
		5D4E2B73962A68683CCFE633 /* GroupChatScreen.swift */ = {isa = PBXFileReference; lastKnownFileType = sourcecode.swift; path = GroupChatScreen.swift; sourceTree = "<group>"; };
		6619BA9819F6F6AFBF202236 /* ChatThread.swift */ = {isa = PBXFileReference; lastKnownFileType = sourcecode.swift; path = ChatThread.swift; sourceTree = "<group>"; };
		662F21BB1F620CF8A00821F6 /* OverlappingAvatars.swift */ = {isa = PBXFileReference; lastKnownFileType = sourcecode.swift; path = OverlappingAvatars.swift; sourceTree = "<group>"; };
		68689740E2E70A302A20EB66 /* OnboardingRoute.swift */ = {isa = PBXFileReference; lastKnownFileType = sourcecode.swift; path = OnboardingRoute.swift; sourceTree = "<group>"; };
		6E8C0BF58B96569B780BA960 /* ChatComposer.swift */ = {isa = PBXFileReference; lastKnownFileType = sourcecode.swift; path = ChatComposer.swift; sourceTree = "<group>"; };
		6FC0432DB786DB07BF790DAA /* PostStepHeader.swift */ = {isa = PBXFileReference; lastKnownFileType = sourcecode.swift; path = PostStepHeader.swift; sourceTree = "<group>"; };
		73BA7D4FEE6B4DF4B1D880E2 /* UserProfile.swift */ = {isa = PBXFileReference; lastKnownFileType = sourcecode.swift; path = UserProfile.swift; sourceTree = "<group>"; };
		746C975D23EB27963C7989BA /* RequestsInboxScreen.swift */ = {isa = PBXFileReference; lastKnownFileType = sourcecode.swift; path = RequestsInboxScreen.swift; sourceTree = "<group>"; };
		765F8CE05233B84606ACB38D /* MatchMeterCard.swift */ = {isa = PBXFileReference; lastKnownFileType = sourcecode.swift; path = MatchMeterCard.swift; sourceTree = "<group>"; };
		76C91A63EED705E2549E9EF9 /* ConfettiView.swift */ = {isa = PBXFileReference; lastKnownFileType = sourcecode.swift; path = ConfettiView.swift; sourceTree = "<group>"; };
		7828ECDD2FAC9D8F003BF61D /* ProfileTabView.swift */ = {isa = PBXFileReference; lastKnownFileType = sourcecode.swift; path = ProfileTabView.swift; sourceTree = "<group>"; };
		7828ECE52FACBCCE003BF61D /* FlatmatesTabView.swift */ = {isa = PBXFileReference; lastKnownFileType = sourcecode.swift; path = FlatmatesTabView.swift; sourceTree = "<group>"; };
		7828ECE72FACBCF6003BF61D /* FlatmateEntry.swift */ = {isa = PBXFileReference; lastKnownFileType = sourcecode.swift; path = FlatmateEntry.swift; sourceTree = "<group>"; };
		7828ECE82FACBCF6003BF61D /* Team.swift */ = {isa = PBXFileReference; lastKnownFileType = sourcecode.swift; path = Team.swift; sourceTree = "<group>"; };
		7828ECEB2FACBD05003BF61D /* FlatmatesAPI.swift */ = {isa = PBXFileReference; lastKnownFileType = sourcecode.swift; path = FlatmatesAPI.swift; sourceTree = "<group>"; };
		7828ECED2FACC157003BF61D /* Flatmate+UserProfile.swift */ = {isa = PBXFileReference; lastKnownFileType = sourcecode.swift; path = "Flatmate+UserProfile.swift"; sourceTree = "<group>"; };
		78787EF8FA148BC368018340 /* VibeFormScreen.swift */ = {isa = PBXFileReference; lastKnownFileType = sourcecode.swift; path = VibeFormScreen.swift; sourceTree = "<group>"; };
		79CB7247C8FF9729F17D8D9C /* OnboardingAPI.swift */ = {isa = PBXFileReference; lastKnownFileType = sourcecode.swift; path = OnboardingAPI.swift; sourceTree = "<group>"; };
		7A8E11ABF5824B85ED5F6E73 /* Area.swift */ = {isa = PBXFileReference; lastKnownFileType = sourcecode.swift; path = Area.swift; sourceTree = "<group>"; };
		7FDA798E28589FD8A7854663 /* StaykinTextField.swift */ = {isa = PBXFileReference; lastKnownFileType = sourcecode.swift; path = StaykinTextField.swift; sourceTree = "<group>"; };
		817EF4ADE3D5BB802E6C8D2B /* TabPlaceholder.swift */ = {isa = PBXFileReference; lastKnownFileType = sourcecode.swift; path = TabPlaceholder.swift; sourceTree = "<group>"; };
		83C6328BF92F7D89FF23FD4C /* ProfileScreen.swift */ = {isa = PBXFileReference; lastKnownFileType = sourcecode.swift; path = ProfileScreen.swift; sourceTree = "<group>"; };
		88CD5EB8EC9422F654D29D6D /* SwipeableFlatmateCard.swift */ = {isa = PBXFileReference; lastKnownFileType = sourcecode.swift; path = SwipeableFlatmateCard.swift; sourceTree = "<group>"; };
		8BC2D487DC8F9560646741C0 /* OnboardingData.swift */ = {isa = PBXFileReference; lastKnownFileType = sourcecode.swift; path = OnboardingData.swift; sourceTree = "<group>"; };
		8C44EBC161BED1B1C39BBAAE /* ChatBubble.swift */ = {isa = PBXFileReference; lastKnownFileType = sourcecode.swift; path = ChatBubble.swift; sourceTree = "<group>"; };
		928EC659892FD8152CDD5D3E /* FlatmateListRow.swift */ = {isa = PBXFileReference; lastKnownFileType = sourcecode.swift; path = FlatmateListRow.swift; sourceTree = "<group>"; };
		96C07E745C96FA5BA4678158 /* FlatmatesCoordinator.swift */ = {isa = PBXFileReference; lastKnownFileType = sourcecode.swift; path = FlatmatesCoordinator.swift; sourceTree = "<group>"; };
		9A47E8DD2724C6DD86C101D2 /* TrustStrip.swift */ = {isa = PBXFileReference; lastKnownFileType = sourcecode.swift; path = TrustStrip.swift; sourceTree = "<group>"; };
		9ABD7934EA461C62DCF7F7F9 /* OTPScreen.swift */ = {isa = PBXFileReference; lastKnownFileType = sourcecode.swift; path = OTPScreen.swift; sourceTree = "<group>"; };
		9AD19E6E573C88C1B586578B /* ProfileTabView.swift */ = {isa = PBXFileReference; lastKnownFileType = sourcecode.swift; path = ProfileTabView.swift; sourceTree = "<group>"; };
		A12D8A2593707E7D7BFF160C /* PhoneScreen.swift */ = {isa = PBXFileReference; lastKnownFileType = sourcecode.swift; path = PhoneScreen.swift; sourceTree = "<group>"; };
		A31050EF48BDA99F6628F1BD /* EmptySlotRow.swift */ = {isa = PBXFileReference; lastKnownFileType = sourcecode.swift; path = EmptySlotRow.swift; sourceTree = "<group>"; };
		A7CD99813F266CAA886633C9 /* SuccessToast.swift */ = {isa = PBXFileReference; lastKnownFileType = sourcecode.swift; path = SuccessToast.swift; sourceTree = "<group>"; };
		AE4A2E705F24D12E2CA8B5BE /* PostStepper.swift */ = {isa = PBXFileReference; lastKnownFileType = sourcecode.swift; path = PostStepper.swift; sourceTree = "<group>"; };
		B40BF0CB6FAF75AA2BED1578 /* RangeSlider.swift */ = {isa = PBXFileReference; lastKnownFileType = sourcecode.swift; path = RangeSlider.swift; sourceTree = "<group>"; };
		B4BB260E86A73E7FEA4865A7 /* RootView.swift */ = {isa = PBXFileReference; lastKnownFileType = sourcecode.swift; path = RootView.swift; sourceTree = "<group>"; };
		B512BDD80833886F4D42533E /* PostSpaceRoute.swift */ = {isa = PBXFileReference; lastKnownFileType = sourcecode.swift; path = PostSpaceRoute.swift; sourceTree = "<group>"; };
		B5B9FEF71D451C6839FCD706 /* VibeScreen.swift */ = {isa = PBXFileReference; lastKnownFileType = sourcecode.swift; path = VibeScreen.swift; sourceTree = "<group>"; };
		B6CD220B144156CF25611C37 /* HomeView.swift */ = {isa = PBXFileReference; lastKnownFileType = sourcecode.swift; path = HomeView.swift; sourceTree = "<group>"; };
		B75B1E1B5B96302AD398585F /* ChatMessage.swift */ = {isa = PBXFileReference; lastKnownFileType = sourcecode.swift; path = ChatMessage.swift; sourceTree = "<group>"; };
		BF139DC4B71C0905F46E75C8 /* TabBar.swift */ = {isa = PBXFileReference; lastKnownFileType = sourcecode.swift; path = TabBar.swift; sourceTree = "<group>"; };
		BFB3B17CF93AC19D57DF10DB /* SegmentedTabBar.swift */ = {isa = PBXFileReference; lastKnownFileType = sourcecode.swift; path = SegmentedTabBar.swift; sourceTree = "<group>"; };
		C03101C86E97F8A6EE44E1A4 /* FlatType.swift */ = {isa = PBXFileReference; lastKnownFileType = sourcecode.swift; path = FlatType.swift; sourceTree = "<group>"; };
		C256A97A75B4B6857356811D /* IntentCard.swift */ = {isa = PBXFileReference; lastKnownFileType = sourcecode.swift; path = IntentCard.swift; sourceTree = "<group>"; };
		C3977237EA7C3EE79850CFFC /* SelectablePill.swift */ = {isa = PBXFileReference; lastKnownFileType = sourcecode.swift; path = SelectablePill.swift; sourceTree = "<group>"; };
		C786CA00F698B86AA41C8E96 /* ListingsAPI.swift */ = {isa = PBXFileReference; lastKnownFileType = sourcecode.swift; path = ListingsAPI.swift; sourceTree = "<group>"; };
		CB3A51A80E59D112F04CA6F6 /* FlowLayout.swift */ = {isa = PBXFileReference; lastKnownFileType = sourcecode.swift; path = FlowLayout.swift; sourceTree = "<group>"; };
		CC72C1C5812D5EC95D6A7822 /* MockFlatmates.swift */ = {isa = PBXFileReference; lastKnownFileType = sourcecode.swift; path = MockFlatmates.swift; sourceTree = "<group>"; };
		D094F4482D971935B991053D /* FlatmateRequest.swift */ = {isa = PBXFileReference; lastKnownFileType = sourcecode.swift; path = FlatmateRequest.swift; sourceTree = "<group>"; };
		D0C95FF522DCBFFCCC006A64 /* OnboardingSnapshot.swift */ = {isa = PBXFileReference; lastKnownFileType = sourcecode.swift; path = OnboardingSnapshot.swift; sourceTree = "<group>"; };
		D9A0EC7AF0066699A2FB68F6 /* StickyBottomCTA.swift */ = {isa = PBXFileReference; lastKnownFileType = sourcecode.swift; path = StickyBottomCTA.swift; sourceTree = "<group>"; };
		DC392A87C9E61F5F245F04BF /* HomeTab.swift */ = {isa = PBXFileReference; lastKnownFileType = sourcecode.swift; path = HomeTab.swift; sourceTree = "<group>"; };
		E25BC10C1A4611C58E57C12B /* UploadsAPI.swift */ = {isa = PBXFileReference; lastKnownFileType = sourcecode.swift; path = UploadsAPI.swift; sourceTree = "<group>"; };
		E6140F6D2E8DDB223F1510AD /* FlatmatesSwipeView.swift */ = {isa = PBXFileReference; lastKnownFileType = sourcecode.swift; path = FlatmatesSwipeView.swift; sourceTree = "<group>"; };
		E71EE70E7057BFF579A783EF /* SortOption.swift */ = {isa = PBXFileReference; lastKnownFileType = sourcecode.swift; path = SortOption.swift; sourceTree = "<group>"; };
		E9426AC169255E6C00CE60BE /* FlatHeroGallery.swift */ = {isa = PBXFileReference; lastKnownFileType = sourcecode.swift; path = FlatHeroGallery.swift; sourceTree = "<group>"; };
		EB00BD8B65704A6A5D53B384 /* TipBanner.swift */ = {isa = PBXFileReference; lastKnownFileType = sourcecode.swift; path = TipBanner.swift; sourceTree = "<group>"; };
		ED339B274C7B8B497917CEDC /* Occupation.swift */ = {isa = PBXFileReference; lastKnownFileType = sourcecode.swift; path = Occupation.swift; sourceTree = "<group>"; };
		EF9A4CE1216AF83ACDA58C68 /* Furnishing.swift */ = {isa = PBXFileReference; lastKnownFileType = sourcecode.swift; path = Furnishing.swift; sourceTree = "<group>"; };
		F1770DCC32A30A1CF7E5DA5D /* FlatPrefsScreen.swift */ = {isa = PBXFileReference; lastKnownFileType = sourcecode.swift; path = FlatPrefsScreen.swift; sourceTree = "<group>"; };
		F2149C1E7A477C7E0C251ED1 /* VibeTile.swift */ = {isa = PBXFileReference; lastKnownFileType = sourcecode.swift; path = VibeTile.swift; sourceTree = "<group>"; };
		F251A4EF24C60DE65DF7BB4B /* FlatsTabView.swift */ = {isa = PBXFileReference; lastKnownFileType = sourcecode.swift; path = FlatsTabView.swift; sourceTree = "<group>"; };
		F27FBEEF2262453EFF581C84 /* DSSpacing.swift */ = {isa = PBXFileReference; lastKnownFileType = sourcecode.swift; path = DSSpacing.swift; sourceTree = "<group>"; };
		F2DF11B07CE601F0F18A6AF3 /* StepPill.swift */ = {isa = PBXFileReference; lastKnownFileType = sourcecode.swift; path = StepPill.swift; sourceTree = "<group>"; };
		FBCA0E6D93EDE032A706B2B9 /* FlatmateVibeCard.swift */ = {isa = PBXFileReference; lastKnownFileType = sourcecode.swift; path = FlatmateVibeCard.swift; sourceTree = "<group>"; };
		FF75E602BA059C01F1E3E694 /* ProgressDots.swift */ = {isa = PBXFileReference; lastKnownFileType = sourcecode.swift; path = ProgressDots.swift; sourceTree = "<group>"; };
/* End PBXFileReference section */

/* Begin PBXGroup section */
		08C0D25B8009879938622734 /* Flats */ = {
			isa = PBXGroup;
			children = (
				FDF1C4201B4FC24290818B6B /* Components */,
				A3A657D0664293EE69413C2D /* Models */,
				AA5A5BCA3F0F4BE7EDC69D80 /* Screens */,
			);
			path = Flats;
			sourceTree = "<group>";
		};
		0B950BDAC0E6DBD0F813606C /* Models */ = {
			isa = PBXGroup;
			children = (
				7A8E11ABF5824B85ED5F6E73 /* Area.swift */,
				071655D7CA35F0A4095CDC39 /* BHK.swift */,
				EF9A4CE1216AF83ACDA58C68 /* Furnishing.swift */,
				506305162BC4F1F25EB99F19 /* MoveInTimeline.swift */,
				ED339B274C7B8B497917CEDC /* Occupation.swift */,
				36FC7149558AC0DE2451B5A6 /* RoomType.swift */,
				73BA7D4FEE6B4DF4B1D880E2 /* UserProfile.swift */,
				10AF39FFE7C7C65CE7C0B740 /* VibePref.swift */,
			);
			path = Models;
			sourceTree = "<group>";
		};
		308FB95F03CF25B34089FC5E /* Products */ = {
			isa = PBXGroup;
			children = (
				408E03C5F1AEBAA73B69F765 /* Staykin.app */,
			);
			name = Products;
			sourceTree = "<group>";
		};
		4103CFDD9C5514A7849FB6C0 = {
			isa = PBXGroup;
			children = (
				8E406B81E2DAD7A5AF3EB8CD /* Staykin */,
				308FB95F03CF25B34089FC5E /* Products */,
			);
			sourceTree = "<group>";
		};
		4416B7EFD39147AEFE9BD24F /* Components */ = {
			isa = PBXGroup;
			children = (
				111D4110A8CDB4910F017E48 /* AmberBanner.swift */,
				5A4163EB3575E5A686B444FB /* Avatar.swift */,
				2F87A752C48BDE904D4C42EE /* BottomSheet.swift */,
				0D922F2CDF9E10B77F04D290 /* Buttons.swift */,
				8C44EBC161BED1B1C39BBAAE /* ChatBubble.swift */,
				6E8C0BF58B96569B780BA960 /* ChatComposer.swift */,
				76C91A63EED705E2549E9EF9 /* ConfettiView.swift */,
				CB3A51A80E59D112F04CA6F6 /* FlowLayout.swift */,
				C256A97A75B4B6857356811D /* IntentCard.swift */,
				662F21BB1F620CF8A00821F6 /* OverlappingAvatars.swift */,
				17EA42773008AE9FF21E54E4 /* PhotoPlaceholder.swift */,
				5C0FBE28D12663EB6F1E7A24 /* PhotoTile.swift */,
				6FC0432DB786DB07BF790DAA /* PostStepHeader.swift */,
				AE4A2E705F24D12E2CA8B5BE /* PostStepper.swift */,
				FF75E602BA059C01F1E3E694 /* ProgressDots.swift */,
				B40BF0CB6FAF75AA2BED1578 /* RangeSlider.swift */,
				58865B54C3850E5B2D724552 /* SectionLabel.swift */,
				BFB3B17CF93AC19D57DF10DB /* SegmentedTabBar.swift */,
				C3977237EA7C3EE79850CFFC /* SelectablePill.swift */,
				3D783CFA8DA097B7F8FAEC55 /* SlotProgressDots.swift */,
				7FDA798E28589FD8A7854663 /* StaykinTextField.swift */,
				F2DF11B07CE601F0F18A6AF3 /* StepPill.swift */,
				D9A0EC7AF0066699A2FB68F6 /* StickyBottomCTA.swift */,
				A7CD99813F266CAA886633C9 /* SuccessToast.swift */,
				BF139DC4B71C0905F46E75C8 /* TabBar.swift */,
				EB00BD8B65704A6A5D53B384 /* TipBanner.swift */,
				F2149C1E7A477C7E0C251ED1 /* VibeTile.swift */,
			);
			path = Components;
			sourceTree = "<group>";
		};
		4692277BB69330F20CD6FE30 /* Fonts */ = {
			isa = PBXGroup;
			children = (
				0CADB7EBD2D0E95F499354FA /* Outfit-Variable.ttf */,
			);
			path = Fonts;
			sourceTree = "<group>";
		};
		4F60F3E62FEB91637D034C17 /* Screens */ = {
			isa = PBXGroup;
			children = (
				F1770DCC32A30A1CF7E5DA5D /* FlatPrefsScreen.swift */,
				2D2C2A65FBDCF4FC78DDF976 /* IntentScreen.swift */,
				9ABD7934EA461C62DCF7F7F9 /* OTPScreen.swift */,
				A12D8A2593707E7D7BFF160C /* PhoneScreen.swift */,
				83C6328BF92F7D89FF23FD4C /* ProfileScreen.swift */,
				1AB690364CE90CC31C9CAD8F /* VibeCardScreen.swift */,
				78787EF8FA148BC368018340 /* VibeFormScreen.swift */,
			);
			path = Screens;
			sourceTree = "<group>";
		};
		824E5D2C2B5F251F11FDEE90 /* Home */ = {
			isa = PBXGroup;
			children = (
				DC392A87C9E61F5F245F04BF /* HomeTab.swift */,
				B6CD220B144156CF25611C37 /* HomeView.swift */,
				BB9684C945955150FD3BDB2B /* Screens */,
			);
			path = Home;
			sourceTree = "<group>";
		};
		892716DEFBC13BF574914C74 /* App */ = {
			isa = PBXGroup;
			children = (
				B4BB260E86A73E7FEA4865A7 /* RootView.swift */,
				5064A80BB4EFBA2EC26ADFFA /* StaykinApp.swift */,
			);
			path = App;
			sourceTree = "<group>";
		};
		8E406B81E2DAD7A5AF3EB8CD /* Staykin */ = {
			isa = PBXGroup;
			children = (
				892716DEFBC13BF574914C74 /* App */,
				D49E90180BB2AEE927D02215 /* DesignSystem */,
				9A6DDD0B882AEDC718B1F89E /* Features */,
				BDF47FB3A40365F5A359AB4A /* Resources */,
			);
			path = Staykin;
			sourceTree = "<group>";
		};
		9A6DDD0B882AEDC718B1F89E /* Features */ = {
			isa = PBXGroup;
			children = (
				C4A5B2D8A85293A75C32BE1C /* Flatmates */,
				08C0D25B8009879938622734 /* Flats */,
				824E5D2C2B5F251F11FDEE90 /* Home */,
				B4CCB76F0A38ADD81743A9CE /* Onboarding */,
				B720CA192771888D12DDFD7D /* PostSpace */,
			);
			path = Features;
			sourceTree = "<group>";
		};
		A1AAEE0F242AF604482F4529 /* Screens */ = {
			isa = PBXGroup;
			children = (
				0F9023AF13C81ECFB43EEE8D /* AddFlatmateSheet.swift */,
				325A7A29F9F1771A537652DE /* FlatmateChatScreen.swift */,
				E6140F6D2E8DDB223F1510AD /* FlatmatesSwipeView.swift */,
				5D4E2B73962A68683CCFE633 /* GroupChatScreen.swift */,
				446E1C01F7E0BD373ACC28C8 /* RequestProfileScreen.swift */,
				746C975D23EB27963C7989BA /* RequestsInboxScreen.swift */,
			);
			path = Screens;
			sourceTree = "<group>";
		};
		A3A657D0664293EE69413C2D /* Models */ = {
			isa = PBXGroup;
			children = (
				3C318BE66D52429D27464B7A /* Amenity.swift */,
				3F4B09A9EBB1426D6A787CA9 /* ApplicationMode.swift */,
				4CDA05529E250E819E457EE7 /* Flat.swift */,
				3B49669A67FC67884D4F677E /* Flatmate.swift */,
				C03101C86E97F8A6EE44E1A4 /* FlatType.swift */,
				45CCD5F73EAA2AC9285D492C /* MockFlats.swift */,
				E71EE70E7057BFF579A783EF /* SortOption.swift */,
			);
			path = Models;
			sourceTree = "<group>";
		};
		AA5A5BCA3F0F4BE7EDC69D80 /* Screens */ = {
			isa = PBXGroup;
			children = (
				507E2FDC53B235337C4E4356 /* FlatDetailView.swift */,
				4EA180C959FA7D4E480B142D /* FlatmateProfileSheet.swift */,
				F251A4EF24C60DE65DF7BB4B /* FlatsTabView.swift */,
			);
			path = Screens;
			sourceTree = "<group>";
		};
		B4CCB76F0A38ADD81743A9CE /* Onboarding */ = {
			isa = PBXGroup;
			children = (
				C786CA00F698B86AA41C8E96 /* ListingsAPI.swift */,
				79CB7247C8FF9729F17D8D9C /* OnboardingAPI.swift */,
				2BD9FDD2714F6285154C8D41 /* OnboardingCoordinator.swift */,
				8BC2D487DC8F9560646741C0 /* OnboardingData.swift */,
				68689740E2E70A302A20EB66 /* OnboardingRoute.swift */,
				D0C95FF522DCBFFCCC006A64 /* OnboardingSnapshot.swift */,
				22E14E36B976EE20DD7DFFCD /* SplashView.swift */,
				E25BC10C1A4611C58E57C12B /* UploadsAPI.swift */,
				57C7440C2FACCA4800FE7BDB /* UserStore.swift */,
				0B950BDAC0E6DBD0F813606C /* Models */,
				4F60F3E62FEB91637D034C17 /* Screens */,
			);
			path = Onboarding;
			sourceTree = "<group>";
		};
		B720CA192771888D12DDFD7D /* PostSpace */ = {
			isa = PBXGroup;
			children = (
				0A5B959F8F679AB309DABD73 /* PostSpaceCoordinator.swift */,
				B512BDD80833886F4D42533E /* PostSpaceRoute.swift */,
				2B243E8EAC7DF18A5DFEF958 /* PostSpaceTypes.swift */,
				F64E2F0E8EB4143D3B5E2DB7 /* Screens */,
			);
			path = PostSpace;
			sourceTree = "<group>";
		};
		BB9684C945955150FD3BDB2B /* Screens */ = {
			isa = PBXGroup;
			children = (
				7828ECE52FACBCCE003BF61D /* FlatmatesTabView.swift */,
				7828ECDD2FAC9D8F003BF61D /* ProfileTabView.swift */,
				0DF6B6A5E5789A922E34F9F5 /* ChatsTabPlaceholder.swift */,
				9AD19E6E573C88C1B586578B /* ProfileTabView.swift */,
				817EF4ADE3D5BB802E6C8D2B /* TabPlaceholder.swift */,
			);
			path = Screens;
			sourceTree = "<group>";
		};
		BDF47FB3A40365F5A359AB4A /* Resources */ = {
			isa = PBXGroup;
			children = (
				0E6FDBB2E3664852D7233588 /* Assets.xcassets */,
				4692277BB69330F20CD6FE30 /* Fonts */,
			);
			path = Resources;
			sourceTree = "<group>";
		};
		C10DCFCAF7CFDDD457B42D69 /* Components */ = {
			isa = PBXGroup;
			children = (
				88CD5EB8EC9422F654D29D6D /* SwipeableFlatmateCard.swift */,
			);
			path = Components;
			sourceTree = "<group>";
		};
		C4A5B2D8A85293A75C32BE1C /* Flatmates */ = {
			isa = PBXGroup;
			children = (
				7828ECEB2FACBD05003BF61D /* FlatmatesAPI.swift */,
				96C07E745C96FA5BA4678158 /* FlatmatesCoordinator.swift */,
				4CBA8B9A074E44B34B365EA3 /* FlatmatesRoute.swift */,
				C10DCFCAF7CFDDD457B42D69 /* Components */,
				ED49B521C48A155734A5E4C6 /* Models */,
				A1AAEE0F242AF604482F4529 /* Screens */,
			);
			path = Flatmates;
			sourceTree = "<group>";
		};
		D49E90180BB2AEE927D02215 /* DesignSystem */ = {
			isa = PBXGroup;
			children = (
				06AED8270034A7DDA5D8BB4A /* DSColors.swift */,
				06AAD6F18339ED9AA315901F /* DSGradients.swift */,
				F27FBEEF2262453EFF581C84 /* DSSpacing.swift */,
				310958C443739BF7E8EE3655 /* DSTypography.swift */,
				4416B7EFD39147AEFE9BD24F /* Components */,
			);
			path = DesignSystem;
			sourceTree = "<group>";
		};
		ED49B521C48A155734A5E4C6 /* Models */ = {
			isa = PBXGroup;
			children = (
				7828ECED2FACC157003BF61D /* Flatmate+UserProfile.swift */,
				7828ECE72FACBCF6003BF61D /* FlatmateEntry.swift */,
				7828ECE82FACBCF6003BF61D /* Team.swift */,
				B75B1E1B5B96302AD398585F /* ChatMessage.swift */,
				6619BA9819F6F6AFBF202236 /* ChatThread.swift */,
				D094F4482D971935B991053D /* FlatmateRequest.swift */,
				CC72C1C5812D5EC95D6A7822 /* MockFlatmates.swift */,
			);
			path = Models;
			sourceTree = "<group>";
		};
		F64E2F0E8EB4143D3B5E2DB7 /* Screens */ = {
			isa = PBXGroup;
			children = (
				12F067C41A0A26820505C39C /* FlatDetailsScreen.swift */,
				4610B677D35BB59F7D97A9F3 /* PhotosScreen.swift */,
				354C23FB8682AFBD22EB3918 /* SuccessScreen.swift */,
				B5B9FEF71D451C6839FCD706 /* VibeScreen.swift */,
			);
			path = Screens;
			sourceTree = "<group>";
		};
		FDF1C4201B4FC24290818B6B /* Components */ = {
			isa = PBXGroup;
			children = (
				A31050EF48BDA99F6628F1BD /* EmptySlotRow.swift */,
				E9426AC169255E6C00CE60BE /* FlatHeroGallery.swift */,
				44DD7D3F3B339B7F166374EB /* FlatListRow.swift */,
				19938E0CB5E50C9C07E7EA6B /* FlatmateAvatar.swift */,
				928EC659892FD8152CDD5D3E /* FlatmateListRow.swift */,
				FBCA0E6D93EDE032A706B2B9 /* FlatmateVibeCard.swift */,
				518A35CFDC9F094290319629 /* FlatTopNav.swift */,
				765F8CE05233B84606ACB38D /* MatchMeterCard.swift */,
				9A47E8DD2724C6DD86C101D2 /* TrustStrip.swift */,
			);
			path = Components;
			sourceTree = "<group>";
		};
/* End PBXGroup section */

/* Begin PBXNativeTarget section */
		7F8A121C93452F304C1A5CF3 /* Staykin */ = {
			isa = PBXNativeTarget;
			buildConfigurationList = EF6831437FEA1B0CA0643BAA /* Build configuration list for PBXNativeTarget "Staykin" */;
			buildPhases = (
				B960626DE6A275A621D544BF /* Sources */,
				8D0B0C517F0C34F254932033 /* Resources */,
			);
			buildRules = (
			);
			dependencies = (
			);
			name = Staykin;
			packageProductDependencies = (
			);
			productName = Staykin;
			productReference = 408E03C5F1AEBAA73B69F765 /* Staykin.app */;
			productType = "com.apple.product-type.application";
		};
/* End PBXNativeTarget section */

/* Begin PBXProject section */
		234A987B3A442F686FDDB1FB /* Project object */ = {
			isa = PBXProject;
			attributes = {
				BuildIndependentTargetsInParallel = YES;
				LastUpgradeCheck = 1430;
				TargetAttributes = {
					7F8A121C93452F304C1A5CF3 = {
						ProvisioningStyle = Automatic;
					};
				};
			};
			buildConfigurationList = 51243798B5663C76C86FA596 /* Build configuration list for PBXProject "Staykin" */;
			developmentRegion = en;
			hasScannedForEncodings = 0;
			knownRegions = (
				Base,
				en,
			);
			mainGroup = 4103CFDD9C5514A7849FB6C0;
			minimizedProjectReferenceProxies = 1;
			preferredProjectObjectVersion = 77;
			productRefGroup = 308FB95F03CF25B34089FC5E /* Products */;
			projectDirPath = "";
			projectRoot = "";
			targets = (
				7F8A121C93452F304C1A5CF3 /* Staykin */,
			);
		};
/* End PBXProject section */

/* Begin PBXResourcesBuildPhase section */
		8D0B0C517F0C34F254932033 /* Resources */ = {
			isa = PBXResourcesBuildPhase;
			buildActionMask = 2147483647;
			files = (
				AB271E9B0EDC670A0E4AB35D /* Assets.xcassets in Resources */,
				AD59EF9D96790FBC8CF682F7 /* Outfit-Variable.ttf in Resources */,
			);
			runOnlyForDeploymentPostprocessing = 0;
		};
/* End PBXResourcesBuildPhase section */

/* Begin PBXSourcesBuildPhase section */
		B960626DE6A275A621D544BF /* Sources */ = {
			isa = PBXSourcesBuildPhase;
			buildActionMask = 2147483647;
			files = (
				B5EFF7F384662F7A252388B7 /* AddFlatmateSheet.swift in Sources */,
				35DAA8FBFECAF20B359F26D2 /* AmberBanner.swift in Sources */,
				99A650302B3DD19D57593D08 /* Amenity.swift in Sources */,
				76F3EDC46806AAC9D38FD80C /* ApplicationMode.swift in Sources */,
				0CC4C1C2D69A3F91B860B786 /* Area.swift in Sources */,
				A5DB6687A1C8A078E6001DE3 /* Avatar.swift in Sources */,
				4190899B46510459C2457961 /* BHK.swift in Sources */,
				C1AB8B54D3559F797E89FC74 /* BottomSheet.swift in Sources */,
				E426B941C136866616EC51F4 /* Buttons.swift in Sources */,
				E1D76F9241244C7620FF012F /* ChatBubble.swift in Sources */,
				5375448B4EFB3D8B688A352A /* ChatComposer.swift in Sources */,
				894FE03ABB9E0023F7756320 /* ChatMessage.swift in Sources */,
				2A78EC1EAE8729D72C1AF1E2 /* ChatThread.swift in Sources */,
				1A65DF9C941A591E69C4600A /* ChatsTabPlaceholder.swift in Sources */,
				2F53EEFB8983C66F73E9F3D5 /* ConfettiView.swift in Sources */,
				13B3006EDAD1A3C1258CC866 /* DSColors.swift in Sources */,
				C90B6939AAC7E4BF261717DF /* DSGradients.swift in Sources */,
				F8DAC5ECCE591976ADDDE475 /* DSSpacing.swift in Sources */,
				8677BE0AB7475C372F7A424C /* DSTypography.swift in Sources */,
				182C230834299FF40ECFB8AE /* EmptySlotRow.swift in Sources */,
				18A563B36599903950C87B32 /* Flat.swift in Sources */,
				4909C87E2A980B8219C46DC8 /* FlatDetailView.swift in Sources */,
				445C194423A39200A863CB7D /* FlatDetailsScreen.swift in Sources */,
				1D0542905211F65D80DBA0AD /* FlatHeroGallery.swift in Sources */,
				87FF98D17B05702BB0F8F436 /* FlatListRow.swift in Sources */,
				591374C8064ECA60C70DBF14 /* FlatPrefsScreen.swift in Sources */,
				10813ED59075A810554D8BC3 /* FlatTopNav.swift in Sources */,
				186112D65C05CC2E0C84DD05 /* FlatType.swift in Sources */,
				C271234637D9D2F7B1DFC5E4 /* Flatmate.swift in Sources */,
				1449B053C147C02C475F22A6 /* FlatmateAvatar.swift in Sources */,
				495B7FD7524D5507268426B4 /* FlatmateChatScreen.swift in Sources */,
				9E9BA4B8F0363ECAF23B3BE1 /* FlatmateListRow.swift in Sources */,
				360D6D4F468F409568E16919 /* FlatmateProfileSheet.swift in Sources */,
				2123F247CA060CCF4323197D /* FlatmateRequest.swift in Sources */,
				5DD37F91271B97568966E9F8 /* FlatmateVibeCard.swift in Sources */,
				0398B4B74A63FD722AFC38EC /* FlatmatesCoordinator.swift in Sources */,
				57C7440D2FACCA4800FE7BDB /* UserStore.swift in Sources */,
				7828ECE92FACBCF6003BF61D /* FlatmateEntry.swift in Sources */,
				7828ECEA2FACBCF6003BF61D /* Team.swift in Sources */,
				7828ECEE2FACC157003BF61D /* Flatmate+UserProfile.swift in Sources */,
				207088C3316762263BDC117D /* FlatmatesRoute.swift in Sources */,
				0F284B38E41AB47E18518D98 /* FlatmatesSwipeView.swift in Sources */,
				4EA4782564406DDA23615306 /* FlatsTabView.swift in Sources */,
				E8FAD92CCA1C54C6B724BEFE /* FlowLayout.swift in Sources */,
				6734F81862C435EECA6B0527 /* Furnishing.swift in Sources */,
				5C0E4B6F9661FFED079A2382 /* GroupChatScreen.swift in Sources */,
				F7309A811C6F00724CEEA1EF /* HomeTab.swift in Sources */,
				2F5D51714BA95E0BF27CD539 /* HomeView.swift in Sources */,
				89BE8F4A0288A65B8E6A5E6F /* IntentCard.swift in Sources */,
				A2FDCBD3365344B5502273AB /* IntentScreen.swift in Sources */,
				BE5D81E2A961B48964F4614E /* ListingsAPI.swift in Sources */,
				0B19E91036AD218ABE80C4EC /* MatchMeterCard.swift in Sources */,
				749A5F7C2DA2333BCEB46261 /* MockFlatmates.swift in Sources */,
				63AAECCF0069CE508E248DC1 /* MockFlats.swift in Sources */,
				3BE6CB20984E56D20E732991 /* MoveInTimeline.swift in Sources */,
				A507125254E1F247F8800F3A /* OTPScreen.swift in Sources */,
				C52412CC72069C6817B0DB36 /* Occupation.swift in Sources */,
				5EC9F1927EBA94D4F3F518F6 /* OnboardingAPI.swift in Sources */,
				C4F5A0825064191619ACCCC9 /* OnboardingCoordinator.swift in Sources */,
				1C811C2347B8536E59AF4318 /* OnboardingData.swift in Sources */,
				81B8E451EA24876BB155CF3F /* OnboardingRoute.swift in Sources */,
				2B04E81CE3B1A09FA45BA448 /* OnboardingSnapshot.swift in Sources */,
				D0A4E3C92DC35BAACC526592 /* OverlappingAvatars.swift in Sources */,
				AA18D2A07B51071C520A7BE2 /* PhoneScreen.swift in Sources */,
				7828ECEC2FACBD05003BF61D /* FlatmatesAPI.swift in Sources */,
				85CC208A0959A838D7DF22CB /* PhotoPlaceholder.swift in Sources */,
				7766310B49CD2F51DE7B35FF /* PhotoTile.swift in Sources */,
				A1CAE112553B2AF6DE168D4F /* PhotosScreen.swift in Sources */,
				39B855827CC9C1C5F5D920EE /* PostSpaceCoordinator.swift in Sources */,
				FF7C43F235F1FF273E415EB8 /* PostSpaceRoute.swift in Sources */,
				7A874346FB92EF0340A8B274 /* PostSpaceTypes.swift in Sources */,
				3B97C4DC013920B4F9EDE4D6 /* PostStepHeader.swift in Sources */,
				C88DC398BA84376A73D61DED /* PostStepper.swift in Sources */,
				01358250A1E5D80C26B12CC0 /* ProfileScreen.swift in Sources */,
				7BB5DABCE6EBF60FEC0814B5 /* ProfileTabView.swift in Sources */,
				071B34DDF7C2C88F961F4309 /* ProgressDots.swift in Sources */,
				1099725D3B0A9DCBCFC53342 /* RangeSlider.swift in Sources */,
				B17EA03FDF8A2C08F32A2439 /* RequestProfileScreen.swift in Sources */,
				FCACDE9D2EA94DE98B2CB92A /* RequestsInboxScreen.swift in Sources */,
				CD6B64DF7F20D326DA973753 /* RoomType.swift in Sources */,
				1F853D1EB4E01C6EBFAE8CDD /* RootView.swift in Sources */,
				252D6151EE5F0A2FD7BDCF17 /* SectionLabel.swift in Sources */,
				5F8DFB1FF9069D22D176B67F /* SegmentedTabBar.swift in Sources */,
				61F58A78637C04E68626585C /* SelectablePill.swift in Sources */,
				19C66625153DE853D1C9B593 /* SlotProgressDots.swift in Sources */,
				FA76EE8E6744263F0567C8A3 /* SortOption.swift in Sources */,
				2137AFD30302FA73BBB96876 /* SplashView.swift in Sources */,
				E1586E240FF3523C39B3D199 /* StaykinApp.swift in Sources */,
				D4703948E63CDB1FBB027780 /* StaykinTextField.swift in Sources */,
				7D5FEFB4257FAA8EB7AB57D2 /* StepPill.swift in Sources */,
				D653B3F3EBE4A31AEB59F703 /* StickyBottomCTA.swift in Sources */,
				B4E2EB51A26662AA9A131C7A /* SuccessScreen.swift in Sources */,
				E180112D9159B734724652DE /* SuccessToast.swift in Sources */,
				F9E1769AFADA310EE1AA1B63 /* SwipeableFlatmateCard.swift in Sources */,
				5F97BA4ED32D1505BBB15962 /* TabBar.swift in Sources */,
				5F1422B005A39ED80922A5B9 /* TabPlaceholder.swift in Sources */,
				3F6CB46B812C66EA75E2C440 /* TipBanner.swift in Sources */,
				7828ECE62FACBCCE003BF61D /* FlatmatesTabView.swift in Sources */,
				E495954763F6E636E0DA5040 /* TrustStrip.swift in Sources */,
				F48E432F2B9EF26331EE7FF0 /* UploadsAPI.swift in Sources */,
				1BEFAEE49B141CA03E99FF5C /* UserProfile.swift in Sources */,
				50F471997DD954DF1D76109B /* VibeCardScreen.swift in Sources */,
				D973EDFE050E3F0A24F13F2C /* VibeFormScreen.swift in Sources */,
				98E059FE124680249EE8F115 /* VibePref.swift in Sources */,
				B850CD361FA61EF4B0ED9327 /* VibeScreen.swift in Sources */,
				EB5DDD388D2E39F8DA1CA16E /* VibeTile.swift in Sources */,
			);
			runOnlyForDeploymentPostprocessing = 0;
		};
/* End PBXSourcesBuildPhase section */

/* Begin XCBuildConfiguration section */
		8ABF4775B6C026EE0DBDD48E /* Debug */ = {
			isa = XCBuildConfiguration;
			buildSettings = {
				ALWAYS_SEARCH_USER_PATHS = NO;
				CLANG_ANALYZER_NONNULL = YES;
				CLANG_ANALYZER_NUMBER_OBJECT_CONVERSION = YES_AGGRESSIVE;
				CLANG_CXX_LANGUAGE_STANDARD = "gnu++14";
				CLANG_CXX_LIBRARY = "libc++";
				CLANG_ENABLE_MODULES = YES;
				CLANG_ENABLE_OBJC_ARC = YES;
				CLANG_ENABLE_OBJC_WEAK = YES;
				CLANG_WARN_BLOCK_CAPTURE_AUTORELEASING = YES;
				CLANG_WARN_BOOL_CONVERSION = YES;
				CLANG_WARN_COMMA = YES;
				CLANG_WARN_CONSTANT_CONVERSION = YES;
				CLANG_WARN_DEPRECATED_OBJC_IMPLEMENTATIONS = YES;
				CLANG_WARN_DIRECT_OBJC_ISA_USAGE = YES_ERROR;
				CLANG_WARN_DOCUMENTATION_COMMENTS = YES;
				CLANG_WARN_EMPTY_BODY = YES;
				CLANG_WARN_ENUM_CONVERSION = YES;
				CLANG_WARN_INFINITE_RECURSION = YES;
				CLANG_WARN_INT_CONVERSION = YES;
				CLANG_WARN_NON_LITERAL_NULL_CONVERSION = YES;
				CLANG_WARN_OBJC_IMPLICIT_RETAIN_SELF = YES;
				CLANG_WARN_OBJC_LITERAL_CONVERSION = YES;
				CLANG_WARN_OBJC_ROOT_CLASS = YES_ERROR;
				CLANG_WARN_QUOTED_INCLUDE_IN_FRAMEWORK_HEADER = YES;
				CLANG_WARN_RANGE_LOOP_ANALYSIS = YES;
				CLANG_WARN_STRICT_PROTOTYPES = YES;
				CLANG_WARN_SUSPICIOUS_MOVE = YES;
				CLANG_WARN_UNGUARDED_AVAILABILITY = YES_AGGRESSIVE;
				CLANG_WARN_UNREACHABLE_CODE = YES;
				CLANG_WARN__DUPLICATE_METHOD_MATCH = YES;
				COPY_PHASE_STRIP = NO;
				DEBUG_INFORMATION_FORMAT = dwarf;
				ENABLE_STRICT_OBJC_MSGSEND = YES;
				ENABLE_TESTABILITY = YES;
				GCC_C_LANGUAGE_STANDARD = gnu11;
				GCC_DYNAMIC_NO_PIC = NO;
				GCC_NO_COMMON_BLOCKS = YES;
				GCC_OPTIMIZATION_LEVEL = 0;
				GCC_PREPROCESSOR_DEFINITIONS = (
					"$(inherited)",
					"DEBUG=1",
				);
				GCC_WARN_64_TO_32_BIT_CONVERSION = YES;
				GCC_WARN_ABOUT_RETURN_TYPE = YES_ERROR;
				GCC_WARN_UNDECLARED_SELECTOR = YES;
				GCC_WARN_UNINITIALIZED_AUTOS = YES_AGGRESSIVE;
				GCC_WARN_UNUSED_FUNCTION = YES;
				GCC_WARN_UNUSED_VARIABLE = YES;
				MTL_ENABLE_DEBUG_INFO = INCLUDE_SOURCE;
				MTL_FAST_MATH = YES;
				ONLY_ACTIVE_ARCH = YES;
				PRODUCT_NAME = "$(TARGET_NAME)";
				SDKROOT = iphoneos;
				SWIFT_ACTIVE_COMPILATION_CONDITIONS = DEBUG;
				SWIFT_OPTIMIZATION_LEVEL = "-Onone";
				SWIFT_VERSION = 5.0;
			};
			name = Debug;
		};
		A2DCD739A2E09D77DF7BAED4 /* Release */ = {
			isa = XCBuildConfiguration;
			buildSettings = {
				ALWAYS_SEARCH_USER_PATHS = NO;
				CLANG_ANALYZER_NONNULL = YES;
				CLANG_ANALYZER_NUMBER_OBJECT_CONVERSION = YES_AGGRESSIVE;
				CLANG_CXX_LANGUAGE_STANDARD = "gnu++14";
				CLANG_CXX_LIBRARY = "libc++";
				CLANG_ENABLE_MODULES = YES;
				CLANG_ENABLE_OBJC_ARC = YES;
				CLANG_ENABLE_OBJC_WEAK = YES;
				CLANG_WARN_BLOCK_CAPTURE_AUTORELEASING = YES;
				CLANG_WARN_BOOL_CONVERSION = YES;
				CLANG_WARN_COMMA = YES;
				CLANG_WARN_CONSTANT_CONVERSION = YES;
				CLANG_WARN_DEPRECATED_OBJC_IMPLEMENTATIONS = YES;
				CLANG_WARN_DIRECT_OBJC_ISA_USAGE = YES_ERROR;
				CLANG_WARN_DOCUMENTATION_COMMENTS = YES;
				CLANG_WARN_EMPTY_BODY = YES;
				CLANG_WARN_ENUM_CONVERSION = YES;
				CLANG_WARN_INFINITE_RECURSION = YES;
				CLANG_WARN_INT_CONVERSION = YES;
				CLANG_WARN_NON_LITERAL_NULL_CONVERSION = YES;
				CLANG_WARN_OBJC_IMPLICIT_RETAIN_SELF = YES;
				CLANG_WARN_OBJC_LITERAL_CONVERSION = YES;
				CLANG_WARN_OBJC_ROOT_CLASS = YES_ERROR;
				CLANG_WARN_QUOTED_INCLUDE_IN_FRAMEWORK_HEADER = YES;
				CLANG_WARN_RANGE_LOOP_ANALYSIS = YES;
				CLANG_WARN_STRICT_PROTOTYPES = YES;
				CLANG_WARN_SUSPICIOUS_MOVE = YES;
				CLANG_WARN_UNGUARDED_AVAILABILITY = YES_AGGRESSIVE;
				CLANG_WARN_UNREACHABLE_CODE = YES;
				CLANG_WARN__DUPLICATE_METHOD_MATCH = YES;
				COPY_PHASE_STRIP = NO;
				DEBUG_INFORMATION_FORMAT = "dwarf-with-dsym";
				ENABLE_NS_ASSERTIONS = NO;
				ENABLE_STRICT_OBJC_MSGSEND = YES;
				GCC_C_LANGUAGE_STANDARD = gnu11;
				GCC_NO_COMMON_BLOCKS = YES;
				GCC_WARN_64_TO_32_BIT_CONVERSION = YES;
				GCC_WARN_ABOUT_RETURN_TYPE = YES_ERROR;
				GCC_WARN_UNDECLARED_SELECTOR = YES;
				GCC_WARN_UNINITIALIZED_AUTOS = YES_AGGRESSIVE;
				GCC_WARN_UNUSED_FUNCTION = YES;
				GCC_WARN_UNUSED_VARIABLE = YES;
				MTL_ENABLE_DEBUG_INFO = NO;
				MTL_FAST_MATH = YES;
				PRODUCT_NAME = "$(TARGET_NAME)";
				SDKROOT = iphoneos;
				SWIFT_COMPILATION_MODE = wholemodule;
				SWIFT_OPTIMIZATION_LEVEL = "-O";
				SWIFT_VERSION = 5.0;
			};
			name = Release;
		};
		BF130ED3134C2C3767CFA401 /* Release */ = {
			isa = XCBuildConfiguration;
			buildSettings = {
				ASSETCATALOG_COMPILER_APPICON_NAME = AppIcon;
				ASSETCATALOG_COMPILER_GLOBAL_ACCENT_COLOR_NAME = AccentColor;
				CODE_SIGN_IDENTITY = "iPhone Developer";
				CODE_SIGN_STYLE = Automatic;
				CURRENT_PROJECT_VERSION = 1;
				DEVELOPMENT_TEAM = J9HRA4G7LQ;
				INFOPLIST_FILE = Staykin/Resources/Info.plist;
				IPHONEOS_DEPLOYMENT_TARGET = 17.0;
				LD_RUNPATH_SEARCH_PATHS = (
					"$(inherited)",
					"@executable_path/Frameworks",
				);
				MARKETING_VERSION = 1.0;
				PRODUCT_BUNDLE_IDENTIFIER = com.staykin.app;
				SDKROOT = iphoneos;
				SWIFT_VERSION = 5.0;
				TARGETED_DEVICE_FAMILY = 1;
			};
			name = Release;
		};
		C734FB434EE74EC5CB75357F /* Debug */ = {
			isa = XCBuildConfiguration;
			buildSettings = {
				ASSETCATALOG_COMPILER_APPICON_NAME = AppIcon;
				ASSETCATALOG_COMPILER_GLOBAL_ACCENT_COLOR_NAME = AccentColor;
				CODE_SIGN_IDENTITY = "iPhone Developer";
				CODE_SIGN_STYLE = Automatic;
				CURRENT_PROJECT_VERSION = 1;
				DEVELOPMENT_TEAM = J9HRA4G7LQ;
				INFOPLIST_FILE = Staykin/Resources/Info.plist;
				IPHONEOS_DEPLOYMENT_TARGET = 17.0;
				LD_RUNPATH_SEARCH_PATHS = (
					"$(inherited)",
					"@executable_path/Frameworks",
				);
				MARKETING_VERSION = 1.0;
				PRODUCT_BUNDLE_IDENTIFIER = com.staykin.app;
				SDKROOT = iphoneos;
				SWIFT_VERSION = 5.0;
				TARGETED_DEVICE_FAMILY = 1;
			};
			name = Debug;
		};
/* End XCBuildConfiguration section */

/* Begin XCConfigurationList section */
		51243798B5663C76C86FA596 /* Build configuration list for PBXProject "Staykin" */ = {
			isa = XCConfigurationList;
			buildConfigurations = (
				8ABF4775B6C026EE0DBDD48E /* Debug */,
				A2DCD739A2E09D77DF7BAED4 /* Release */,
			);
			defaultConfigurationIsVisible = 0;
			defaultConfigurationName = Debug;
		};
		EF6831437FEA1B0CA0643BAA /* Build configuration list for PBXNativeTarget "Staykin" */ = {
			isa = XCConfigurationList;
			buildConfigurations = (
				C734FB434EE74EC5CB75357F /* Debug */,
				BF130ED3134C2C3767CFA401 /* Release */,
			);
			defaultConfigurationIsVisible = 0;
			defaultConfigurationName = Debug;
		};
/* End XCConfigurationList section */
	};
	rootObject = 234A987B3A442F686FDDB1FB /* Project object */;
}
